
Microsoft Visual Studio Solution File, Format Version 12.00
# Visual Studio 15
VisualStudioVersion = 15.0.27703.2042
MinimumVisualStudioVersion = 10.0.40219.1
Project("{FAE04EC0-301F-11D3-BF4B-00C04F79EFBC}") = "CoreConsole", "CoreConsole\CoreConsole.csproj", "{7CF6B064-7EA2-43D4-A4D9-D6DE670BF500}"
EndProject
Global
	GlobalSection(SolutionConfigurationPlatforms) = preSolution
		Debug|Any CPU = Debug|Any CPU
		Release|Any CPU = Release|Any CPU
	EndGlobalSection
	GlobalSection(ProjectConfigurationPlatforms) = postSolution
		{7CF6B064-7EA2-43D4-A4D9-D6DE670BF500}.Debug|Any CPU.ActiveCfg = Debug|Any CPU
		{7CF6B064-7EA2-43D4-A4D9-D6DE670BF500}.Debug|Any CPU.Build.0 = Debug|Any CPU
		{7CF6B064-7EA2-43D4-A4D9-D6DE670BF500}.Release|Any CPU.ActiveCfg = Release|Any CPU
		{7CF6B064-7EA2-43D4-A4D9-D6DE670BF500}.Release|Any CPU.Build.0 = Release|Any CPU
	EndGlobalSection
	GlobalSection(SolutionProperties) = preSolution
		HideSolutionNode = FALSE
	EndGlobalSection
	GlobalSection(ExtensibilityGlobals) = postSolution
		SolutionGuid = {28167C52-CC92-40DA-9105-B568A2AC4554}
	EndGlobalSection
EndGlobal
